
Microsoft Visual Studio Solution File, Format Version 10.00
# Visual Studio 2008
Project("{8BC9CEB8-8B4A-11D0-8D11-00A0C91BC942}") = "klt_new", "klt_new\klt_new.vcproj", "{04B2781D-F4A7-47E2-8868-349F58212292}"
EndProject
Global
	GlobalSection(SolutionConfigurationPlatforms) = preSolution
		Debug|Win32 = Debug|Win32
		Release|Win32 = Release|Win32
	EndGlobalSection
	GlobalSection(ProjectConfigurationPlatforms) = postSolution
		{04B2781D-F4A7-47E2-8868-349F58212292}.Debug|Win32.ActiveCfg = Debug|Win32
		{04B2781D-F4A7-47E2-8868-349F58212292}.Debug|Win32.Build.0 = Debug|Win32
		{04B2781D-F4A7-47E2-8868-349F58212292}.Release|Win32.ActiveCfg = Release|Win32
		{04B2781D-F4A7-47E2-8868-349F58212292}.Release|Win32.Build.0 = Release|Win32
	EndGlobalSection
	GlobalSection(SolutionProperties) = preSolution
		HideSolutionNode = FALSE
	EndGlobalSection
EndGlobal
